
Microsoft Visual Studio Solution File, Format Version 12.00
# Visual Studio Version 17
VisualStudioVersion = 17.10.34928.147
MinimumVisualStudioVersion = 10.0.40219.1
Project("{9A19103F-16F7-4668-BE54-9A1E7A4F7556}") = "QuizQuest.Api", "QuizQuest.Api\QuizQuest.Api.csproj", "{DC65CF74-981B-4623-8990-11C8CD8CA87C}"
EndProject
Project("{9A19103F-16F7-4668-BE54-9A1E7A4F7556}") = "QuizQuest.Core", "QuizQuest.Core\QuizQuest.Core.csproj", "{B9F39A53-EAC8-40B3-B269-82FD8D4117B3}"
EndProject
Project("{9A19103F-16F7-4668-BE54-9A1E7A4F7556}") = "QuizQuest.DataAccess", "QuizQuest.DataAccess\QuizQuest.DataAccess.csproj", "{1910B4C9-4C67-4E13-8240-5DE3CCF246CC}"
EndProject
Global
	GlobalSection(SolutionConfigurationPlatforms) = preSolution
		Debug|Any CPU = Debug|Any CPU
		Release|Any CPU = Release|Any CPU
	EndGlobalSection
	GlobalSection(ProjectConfigurationPlatforms) = postSolution
		{DC65CF74-981B-4623-8990-11C8CD8CA87C}.Debug|Any CPU.ActiveCfg = Debug|Any CPU
		{DC65CF74-981B-4623-8990-11C8CD8CA87C}.Debug|Any CPU.Build.0 = Debug|Any CPU
		{DC65CF74-981B-4623-8990-11C8CD8CA87C}.Release|Any CPU.ActiveCfg = Release|Any CPU
		{DC65CF74-981B-4623-8990-11C8CD8CA87C}.Release|Any CPU.Build.0 = Release|Any CPU
		{B9F39A53-EAC8-40B3-B269-82FD8D4117B3}.Debug|Any CPU.ActiveCfg = Debug|Any CPU
		{B9F39A53-EAC8-40B3-B269-82FD8D4117B3}.Debug|Any CPU.Build.0 = Debug|Any CPU
		{B9F39A53-EAC8-40B3-B269-82FD8D4117B3}.Release|Any CPU.ActiveCfg = Release|Any CPU
		{B9F39A53-EAC8-40B3-B269-82FD8D4117B3}.Release|Any CPU.Build.0 = Release|Any CPU
		{1910B4C9-4C67-4E13-8240-5DE3CCF246CC}.Debug|Any CPU.ActiveCfg = Debug|Any CPU
		{1910B4C9-4C67-4E13-8240-5DE3CCF246CC}.Debug|Any CPU.Build.0 = Debug|Any CPU
		{1910B4C9-4C67-4E13-8240-5DE3CCF246CC}.Release|Any CPU.ActiveCfg = Release|Any CPU
		{1910B4C9-4C67-4E13-8240-5DE3CCF246CC}.Release|Any CPU.Build.0 = Release|Any CPU
	EndGlobalSection
	GlobalSection(SolutionProperties) = preSolution
		HideSolutionNode = FALSE
	EndGlobalSection
	GlobalSection(ExtensibilityGlobals) = postSolution
		SolutionGuid = {3EBCEE56-D8F7-4A6F-91BB-5DF51585362A}
	EndGlobalSection
EndGlobal
